<?xml version="1.0" encoding="utf-8"?>
<Project ToolsVersion="4.0" xmlns="http://schemas.microsoft.com/developer/msbuild/2003">
  <ItemGroup>
    <ClCompile Include="Block.cpp">
      <Filter>Source files</Filter>
    </ClCompile>
    <ClCompile Include="Chunk.cpp">
      <Filter>Source files</Filter>
    </ClCompile>
    <ClCompile Include="main.cpp">
      <Filter>Source files</Filter>
    </ClCompile>
    <ClCompile Include="..\res\include\glad\glad.c">
      <Filter>Additional files</Filter>
    </ClCompile>
    <ClCompile Include="stb_image.cpp">
      <Filter>Additional files</Filter>
    </ClCompile>
    <ClCompile Include="World.cpp">
      <Filter>Source files</Filter>
    </ClCompile>
    <ClCompile Include="Model.cpp">
      <Filter>Utility_c</Filter>
    </ClCompile>
    <ClCompile Include="Block_Heavy.cpp">
      <Filter>Source files</Filter>
    </ClCompile>
    <ClCompile Include="Forest_Biome.cpp">
      <Filter>Source files</Filter>
    </ClCompile>
    <ClCompile Include="Desert_Biome.cpp">
      <Filter>Source files</Filter>
    </ClCompile>
    <ClCompile Include="Snow_Biome.cpp">
      <Filter>Source files</Filter>
    </ClCompile>
  </ItemGroup>
  <ItemGroup>
    <ClInclude Include="Block.h">
      <Filter>Header files</Filter>
    </ClInclude>
    <ClInclude Include="Chunk.h">
      <Filter>Header files</Filter>
    </ClInclude>
    <ClInclude Include="..\..\..\..\Desktop\PerlinNoise-master\PerlinNoise.hpp">
      <Filter>Additional files</Filter>
    </ClInclude>
    <ClInclude Include="World.h">
      <Filter>Header files</Filter>
    </ClInclude>
    <ClInclude Include="..\res\include\stb_image.h">
      <Filter>Additional files</Filter>
    </ClInclude>
    <ClInclude Include="Camera.h">
      <Filter>Utility_h</Filter>
    </ClInclude>
    <ClInclude Include="Mesh.h">
      <Filter>Utility_h</Filter>
    </ClInclude>
    <ClInclude Include="Model.h">
      <Filter>Utility_h</Filter>
    </ClInclude>
    <ClInclude Include="Shader.h">
      <Filter>Utility_h</Filter>
    </ClInclude>
    <ClInclude Include="Block_Heavy.h">
      <Filter>Header files</Filter>
    </ClInclude>
    <ClInclude Include="Texture.h">
      <Filter>Header files</Filter>
    </ClInclude>
    <ClInclude Include="Biome.h">
      <Filter>Header files</Filter>
    </ClInclude>
    <ClInclude Include="Forest_Biome.h">
      <Filter>Header files</Filter>
    </ClInclude>
    <ClInclude Include="Desert_Biome.h">
      <Filter>Header files</Filter>
    </ClInclude>
    <ClInclude Include="Snow_Biome.h">
      <Filter>Header files</Filter>
    </ClInclude>
  </ItemGroup>
  <ItemGroup>
    <Filter Include="Header files">
      <UniqueIdentifier>{4a2f25ef-de6c-4be4-be1e-ff293a0ee9d1}</UniqueIdentifier>
    </Filter>
    <Filter Include="Source files">
      <UniqueIdentifier>{d682f772-d48e-4b2b-a19a-960ef9870847}</UniqueIdentifier>
    </Filter>
    <Filter Include="Additional files">
      <UniqueIdentifier>{81aa0316-ba2e-496b-83a8-829107f9f66b}</UniqueIdentifier>
    </Filter>
    <Filter Include="Utility_h">
      <UniqueIdentifier>{9caa6eb3-a978-437c-b59e-152ebab27b19}</UniqueIdentifier>
    </Filter>
    <Filter Include="Utility_c">
      <UniqueIdentifier>{49c58fac-6cc2-4b3c-af06-4dfb4d3e3770}</UniqueIdentifier>
    </Filter>
    <Filter Include="Shaders">
      <UniqueIdentifier>{1dc92b7e-1513-4afb-a8c0-3120398fdb1b}</UniqueIdentifier>
    </Filter>
  </ItemGroup>
  <ItemGroup>
    <None Include="shaders\fragementShader.fs">
      <Filter>Shaders</Filter>
    </None>
    <None Include="shaders\vertexShader.vs">
      <Filter>Shaders</Filter>
    </None>
  </ItemGroup>
</Project>